
Microsoft Visual Studio Solution File, Format Version 12.00
# Visual Studio Version 17
VisualStudioVersion = 17.0.32126.317
MinimumVisualStudioVersion = 10.0.40219.1
Project("{9A19103F-16F7-4668-BE54-9A1E7A4F7556}") = "Shop.WebApp", "Shop.WebApp\Shop.WebApp.csproj", "{957E8C4F-C500-4740-8109-8262725B4119}"
EndProject
Project("{2150E333-8FDC-42A3-9474-1A3956D46DE8}") = "Solution Items", "Solution Items", "{914CF6B6-51D3-4BE9-B814-46A7BDBFE37A}"
	ProjectSection(SolutionItems) = preProject
		README.txt = README.txt
	EndProjectSection
EndProject
Project("{9A19103F-16F7-4668-BE54-9A1E7A4F7556}") = "Shop_Data", "Shop_Data\Shop_Data.csproj", "{0B833C0D-5748-4EAE-9C97-42AF6B62EB4A}"
EndProject
Project("{9A19103F-16F7-4668-BE54-9A1E7A4F7556}") = "Shop_Application", "Shop_Application\Shop_Application.csproj", "{4A862997-C0EE-4E45-AE79-97FDC2B54954}"
EndProject
Project("{9A19103F-16F7-4668-BE54-9A1E7A4F7556}") = "Shop_Utilities", "Shop_Utilities\Shop_Utilities.csproj", "{1F6299C2-5D60-49F6-8BB1-865C9CD3D0A9}"
EndProject
Project("{9A19103F-16F7-4668-BE54-9A1E7A4F7556}") = "Shop_ViewModels", "EShop_ViewModels\Shop_ViewModels.csproj", "{F335FBFD-65CA-431C-8D03-5FA1FAE0BC13}"
EndProject
Project("{FAE04EC0-301F-11D3-BF4B-00C04F79EFBC}") = "Shop.BackendApi", "Shop.BackendApi\Shop.BackendApi.csproj", "{16C88F9C-FFB5-4E75-847D-4A3C1D2C207F}"
EndProject
Global
	GlobalSection(SolutionConfigurationPlatforms) = preSolution
		Debug|Any CPU = Debug|Any CPU
		Release|Any CPU = Release|Any CPU
	EndGlobalSection
	GlobalSection(ProjectConfigurationPlatforms) = postSolution
		{957E8C4F-C500-4740-8109-8262725B4119}.Debug|Any CPU.ActiveCfg = Debug|Any CPU
		{957E8C4F-C500-4740-8109-8262725B4119}.Debug|Any CPU.Build.0 = Debug|Any CPU
		{957E8C4F-C500-4740-8109-8262725B4119}.Release|Any CPU.ActiveCfg = Release|Any CPU
		{957E8C4F-C500-4740-8109-8262725B4119}.Release|Any CPU.Build.0 = Release|Any CPU
		{0B833C0D-5748-4EAE-9C97-42AF6B62EB4A}.Debug|Any CPU.ActiveCfg = Debug|Any CPU
		{0B833C0D-5748-4EAE-9C97-42AF6B62EB4A}.Debug|Any CPU.Build.0 = Debug|Any CPU
		{0B833C0D-5748-4EAE-9C97-42AF6B62EB4A}.Release|Any CPU.ActiveCfg = Release|Any CPU
		{0B833C0D-5748-4EAE-9C97-42AF6B62EB4A}.Release|Any CPU.Build.0 = Release|Any CPU
		{4A862997-C0EE-4E45-AE79-97FDC2B54954}.Debug|Any CPU.ActiveCfg = Debug|Any CPU
		{4A862997-C0EE-4E45-AE79-97FDC2B54954}.Debug|Any CPU.Build.0 = Debug|Any CPU
		{4A862997-C0EE-4E45-AE79-97FDC2B54954}.Release|Any CPU.ActiveCfg = Release|Any CPU
		{4A862997-C0EE-4E45-AE79-97FDC2B54954}.Release|Any CPU.Build.0 = Release|Any CPU
		{1F6299C2-5D60-49F6-8BB1-865C9CD3D0A9}.Debug|Any CPU.ActiveCfg = Debug|Any CPU
		{1F6299C2-5D60-49F6-8BB1-865C9CD3D0A9}.Debug|Any CPU.Build.0 = Debug|Any CPU
		{1F6299C2-5D60-49F6-8BB1-865C9CD3D0A9}.Release|Any CPU.ActiveCfg = Release|Any CPU
		{1F6299C2-5D60-49F6-8BB1-865C9CD3D0A9}.Release|Any CPU.Build.0 = Release|Any CPU
		{F335FBFD-65CA-431C-8D03-5FA1FAE0BC13}.Debug|Any CPU.ActiveCfg = Debug|Any CPU
		{F335FBFD-65CA-431C-8D03-5FA1FAE0BC13}.Debug|Any CPU.Build.0 = Debug|Any CPU
		{F335FBFD-65CA-431C-8D03-5FA1FAE0BC13}.Release|Any CPU.ActiveCfg = Release|Any CPU
		{F335FBFD-65CA-431C-8D03-5FA1FAE0BC13}.Release|Any CPU.Build.0 = Release|Any CPU
		{16C88F9C-FFB5-4E75-847D-4A3C1D2C207F}.Debug|Any CPU.ActiveCfg = Debug|Any CPU
		{16C88F9C-FFB5-4E75-847D-4A3C1D2C207F}.Debug|Any CPU.Build.0 = Debug|Any CPU
		{16C88F9C-FFB5-4E75-847D-4A3C1D2C207F}.Release|Any CPU.ActiveCfg = Release|Any CPU
		{16C88F9C-FFB5-4E75-847D-4A3C1D2C207F}.Release|Any CPU.Build.0 = Release|Any CPU
	EndGlobalSection
	GlobalSection(SolutionProperties) = preSolution
		HideSolutionNode = FALSE
	EndGlobalSection
	GlobalSection(ExtensibilityGlobals) = postSolution
		SolutionGuid = {42BB8C72-C953-45C0-9F47-ED4F3A3401FE}
	EndGlobalSection
EndGlobal
