
Microsoft Visual Studio Solution File, Format Version 12.00
# Visual Studio Version 17
VisualStudioVersion = 17.0.32126.317
MinimumVisualStudioVersion = 10.0.40219.1
Project("{FAE04EC0-301F-11D3-BF4B-00C04F79EFBC}") = "Shop.WebApp", "Shop.WebApp\Shop.WebApp.csproj", "{957E8C4F-C500-4740-8109-8262725B4119}"
EndProject
Global
	GlobalSection(SolutionConfigurationPlatforms) = preSolution
		Debug|Any CPU = Debug|Any CPU
		Release|Any CPU = Release|Any CPU
	EndGlobalSection
	GlobalSection(ProjectConfigurationPlatforms) = postSolution
		{957E8C4F-C500-4740-8109-8262725B4119}.Debug|Any CPU.ActiveCfg = Debug|Any CPU
		{957E8C4F-C500-4740-8109-8262725B4119}.Debug|Any CPU.Build.0 = Debug|Any CPU
		{957E8C4F-C500-4740-8109-8262725B4119}.Release|Any CPU.ActiveCfg = Release|Any CPU
		{957E8C4F-C500-4740-8109-8262725B4119}.Release|Any CPU.Build.0 = Release|Any CPU
	EndGlobalSection
	GlobalSection(SolutionProperties) = preSolution
		HideSolutionNode = FALSE
	EndGlobalSection
	GlobalSection(ExtensibilityGlobals) = postSolution
		SolutionGuid = {42BB8C72-C953-45C0-9F47-ED4F3A3401FE}
	EndGlobalSection
EndGlobal
